// !$*UTF8*$!
{
	archiveVersion = 1;
	classes = {
	};
	objectVersion = 50;
	objects = {

/* Begin PBXBuildFile section */
		BC15DFAB261B90B100A5CF36 /* ViewControllerSkills.swift in Sources */ = {isa = PBXBuildFile; fileRef = BC15DFAA261B90B100A5CF36 /* ViewControllerSkills.swift */; };
		BC15DFAE261C63C100A5CF36 /* ViewControllerHobbies.swift in Sources */ = {isa = PBXBuildFile; fileRef = BC15DFAD261C63C100A5CF36 /* ViewControllerHobbies.swift */; };
		BC15DFB7261CB7BC00A5CF36 /* ViewControllerForest.swift in Sources */ = {isa = PBXBuildFile; fileRef = BC15DFB6261CB7BC00A5CF36 /* ViewControllerForest.swift */; };
		BC8C66512619BE5100EFFF03 /* AppDelegate.swift in Sources */ = {isa = PBXBuildFile; fileRef = BC8C66502619BE5100EFFF03 /* AppDelegate.swift */; };
		BC8C66532619BE5100EFFF03 /* SceneDelegate.swift in Sources */ = {isa = PBXBuildFile; fileRef = BC8C66522619BE5100EFFF03 /* SceneDelegate.swift */; };
		BC8C66552619BE5100EFFF03 /* ViewControllerWho.swift in Sources */ = {isa = PBXBuildFile; fileRef = BC8C66542619BE5100EFFF03 /* ViewControllerWho.swift */; };
		BC8C66582619BE5100EFFF03 /* Main.storyboard in Resources */ = {isa = PBXBuildFile; fileRef = BC8C66562619BE5100EFFF03 /* Main.storyboard */; };
		BC8C665A2619BE5400EFFF03 /* Assets.xcassets in Resources */ = {isa = PBXBuildFile; fileRef = BC8C66592619BE5400EFFF03 /* Assets.xcassets */; };
		BC8C665D2619BE5400EFFF03 /* LaunchScreen.storyboard in Resources */ = {isa = PBXBuildFile; fileRef = BC8C665B2619BE5400EFFF03 /* LaunchScreen.storyboard */; };
		BC8C666C2619D78900EFFF03 /* Images.xcassets in Resources */ = {isa = PBXBuildFile; fileRef = BC8C666B2619D78900EFFF03 /* Images.xcassets */; };
/* End PBXBuildFile section */

/* Begin PBXFileReference section */
		BC15DFAA261B90B100A5CF36 /* ViewControllerSkills.swift */ = {isa = PBXFileReference; lastKnownFileType = sourcecode.swift; path = ViewControllerSkills.swift; sourceTree = "<group>"; };
		BC15DFAD261C63C100A5CF36 /* ViewControllerHobbies.swift */ = {isa = PBXFileReference; lastKnownFileType = sourcecode.swift; path = ViewControllerHobbies.swift; sourceTree = "<group>"; };
		BC15DFB6261CB7BC00A5CF36 /* ViewControllerForest.swift */ = {isa = PBXFileReference; lastKnownFileType = sourcecode.swift; path = ViewControllerForest.swift; sourceTree = "<group>"; };
		BC8C664D2619BE5100EFFF03 /* Portfolio.app */ = {isa = PBXFileReference; explicitFileType = wrapper.application; includeInIndex = 0; path = Portfolio.app; sourceTree = BUILT_PRODUCTS_DIR; };
		BC8C66502619BE5100EFFF03 /* AppDelegate.swift */ = {isa = PBXFileReference; lastKnownFileType = sourcecode.swift; path = AppDelegate.swift; sourceTree = "<group>"; };
		BC8C66522619BE5100EFFF03 /* SceneDelegate.swift */ = {isa = PBXFileReference; lastKnownFileType = sourcecode.swift; path = SceneDelegate.swift; sourceTree = "<group>"; };
		BC8C66542619BE5100EFFF03 /* ViewControllerWho.swift */ = {isa = PBXFileReference; lastKnownFileType = sourcecode.swift; path = ViewControllerWho.swift; sourceTree = "<group>"; };
		BC8C66572619BE5100EFFF03 /* Base */ = {isa = PBXFileReference; lastKnownFileType = file.storyboard; name = Base; path = Base.lproj/Main.storyboard; sourceTree = "<group>"; };
		BC8C66592619BE5400EFFF03 /* Assets.xcassets */ = {isa = PBXFileReference; lastKnownFileType = folder.assetcatalog; path = Assets.xcassets; sourceTree = "<group>"; };
		BC8C665C2619BE5400EFFF03 /* Base */ = {isa = PBXFileReference; lastKnownFileType = file.storyboard; name = Base; path = Base.lproj/LaunchScreen.storyboard; sourceTree = "<group>"; };
		BC8C665E2619BE5400EFFF03 /* Info.plist */ = {isa = PBXFileReference; lastKnownFileType = text.plist.xml; path = Info.plist; sourceTree = "<group>"; };
		BC8C666B2619D78900EFFF03 /* Images.xcassets */ = {isa = PBXFileReference; lastKnownFileType = folder.assetcatalog; path = Images.xcassets; sourceTree = "<group>"; };
/* End PBXFileReference section */

/* Begin PBXFrameworksBuildPhase section */
		BC8C664A2619BE5100EFFF03 /* Frameworks */ = {
			isa = PBXFrameworksBuildPhase;
			buildActionMask = 2147483647;
			files = (
			);
			runOnlyForDeploymentPostprocessing = 0;
		};
/* End PBXFrameworksBuildPhase section */

/* Begin PBXGroup section */
		BC8C66442619BE5100EFFF03 = {
			isa = PBXGroup;
			children = (
				BC8C664F2619BE5100EFFF03 /* Portfolio */,
				BC8C664E2619BE5100EFFF03 /* Products */,
			);
			sourceTree = "<group>";
		};
		BC8C664E2619BE5100EFFF03 /* Products */ = {
			isa = PBXGroup;
			children = (
				BC8C664D2619BE5100EFFF03 /* Portfolio.app */,
			);
			name = Products;
			sourceTree = "<group>";
		};
		BC8C664F2619BE5100EFFF03 /* Portfolio */ = {
			isa = PBXGroup;
			children = (
				BC8C66682619C03300EFFF03 /* Controller */,
				BC8C66672619BF8400EFFF03 /* Resources */,
				BC8C66662619BF4700EFFF03 /* Supportive files */,
				BC8C66652619BE6E00EFFF03 /* View */,
			);
			path = Portfolio;
			sourceTree = "<group>";
		};
		BC8C66652619BE6E00EFFF03 /* View */ = {
			isa = PBXGroup;
			children = (
				BC8C66562619BE5100EFFF03 /* Main.storyboard */,
				BC8C665B2619BE5400EFFF03 /* LaunchScreen.storyboard */,
				BC8C66522619BE5100EFFF03 /* SceneDelegate.swift */,
			);
			path = View;
			sourceTree = "<group>";
		};
		BC8C66662619BF4700EFFF03 /* Supportive files */ = {
			isa = PBXGroup;
			children = (
				BC8C66502619BE5100EFFF03 /* AppDelegate.swift */,
				BC8C665E2619BE5400EFFF03 /* Info.plist */,
			);
			path = "Supportive files";
			sourceTree = "<group>";
		};
		BC8C66672619BF8400EFFF03 /* Resources */ = {
			isa = PBXGroup;
			children = (
				BC8C66592619BE5400EFFF03 /* Assets.xcassets */,
				BC8C666B2619D78900EFFF03 /* Images.xcassets */,
			);
			path = Resources;
			sourceTree = "<group>";
		};
		BC8C66682619C03300EFFF03 /* Controller */ = {
			isa = PBXGroup;
			children = (
				BC8C66542619BE5100EFFF03 /* ViewControllerWho.swift */,
				BC15DFAA261B90B100A5CF36 /* ViewControllerSkills.swift */,
				BC15DFAD261C63C100A5CF36 /* ViewControllerHobbies.swift */,
				BC15DFB6261CB7BC00A5CF36 /* ViewControllerForest.swift */,
			);
			path = Controller;
			sourceTree = "<group>";
		};
/* End PBXGroup section */

/* Begin PBXNativeTarget section */
		BC8C664C2619BE5100EFFF03 /* Portfolio */ = {
			isa = PBXNativeTarget;
			buildConfigurationList = BC8C66612619BE5400EFFF03 /* Build configuration list for PBXNativeTarget "Portfolio" */;
			buildPhases = (
				BC8C66492619BE5100EFFF03 /* Sources */,
				BC8C664A2619BE5100EFFF03 /* Frameworks */,
				BC8C664B2619BE5100EFFF03 /* Resources */,
			);
			buildRules = (
			);
			dependencies = (
			);
			name = Portfolio;
			productName = Portfolio;
			productReference = BC8C664D2619BE5100EFFF03 /* Portfolio.app */;
			productType = "com.apple.product-type.application";
		};
/* End PBXNativeTarget section */

/* Begin PBXProject section */
		BC8C66452619BE5100EFFF03 /* Project object */ = {
			isa = PBXProject;
			attributes = {
				LastSwiftUpdateCheck = 1240;
				LastUpgradeCheck = 1240;
				TargetAttributes = {
					BC8C664C2619BE5100EFFF03 = {
						CreatedOnToolsVersion = 12.4;
					};
				};
			};
			buildConfigurationList = BC8C66482619BE5100EFFF03 /* Build configuration list for PBXProject "Portfolio" */;
			compatibilityVersion = "Xcode 9.3";
			developmentRegion = en;
			hasScannedForEncodings = 0;
			knownRegions = (
				en,
				Base,
			);
			mainGroup = BC8C66442619BE5100EFFF03;
			productRefGroup = BC8C664E2619BE5100EFFF03 /* Products */;
			projectDirPath = "";
			projectRoot = "";
			targets = (
				BC8C664C2619BE5100EFFF03 /* Portfolio */,
			);
		};
/* End PBXProject section */

/* Begin PBXResourcesBuildPhase section */
		BC8C664B2619BE5100EFFF03 /* Resources */ = {
			isa = PBXResourcesBuildPhase;
			buildActionMask = 2147483647;
			files = (
				BC8C665D2619BE5400EFFF03 /* LaunchScreen.storyboard in Resources */,
				BC8C666C2619D78900EFFF03 /* Images.xcassets in Resources */,
				BC8C665A2619BE5400EFFF03 /* Assets.xcassets in Resources */,
				BC8C66582619BE5100EFFF03 /* Main.storyboard in Resources */,
			);
			runOnlyForDeploymentPostprocessing = 0;
		};
/* End PBXResourcesBuildPhase section */

/* Begin PBXSourcesBuildPhase section */
		BC8C66492619BE5100EFFF03 /* Sources */ = {
			isa = PBXSourcesBuildPhase;
			buildActionMask = 2147483647;
			files = (
				BC15DFAE261C63C100A5CF36 /* ViewControllerHobbies.swift in Sources */,
				BC8C66552619BE5100EFFF03 /* ViewControllerWho.swift in Sources */,
				BC8C66512619BE5100EFFF03 /* AppDelegate.swift in Sources */,
				BC15DFAB261B90B100A5CF36 /* ViewControllerSkills.swift in Sources */,
				BC8C66532619BE5100EFFF03 /* SceneDelegate.swift in Sources */,
				BC15DFB7261CB7BC00A5CF36 /* ViewControllerForest.swift in Sources */,
			);
			runOnlyForDeploymentPostprocessing = 0;
		};
/* End PBXSourcesBuildPhase section */

/* Begin PBXVariantGroup section */
		BC8C66562619BE5100EFFF03 /* Main.storyboard */ = {
			isa = PBXVariantGroup;
			children = (
				BC8C66572619BE5100EFFF03 /* Base */,
			);
			name = Main.storyboard;
			sourceTree = "<group>";
		};
		BC8C665B2619BE5400EFFF03 /* LaunchScreen.storyboard */ = {
			isa = PBXVariantGroup;
			children = (
				BC8C665C2619BE5400EFFF03 /* Base */,
			);
			name = LaunchScreen.storyboard;
			sourceTree = "<group>";
		};
/* End PBXVariantGroup section */

/* Begin XCBuildConfiguration section */
		BC8C665F2619BE5400EFFF03 /* Debug */ = {
			isa = XCBuildConfiguration;
			buildSettings = {
				ALWAYS_SEARCH_USER_PATHS = NO;
				CLANG_ANALYZER_NONNULL = YES;
				CLANG_ANALYZER_NUMBER_OBJECT_CONVERSION = YES_AGGRESSIVE;
				CLANG_CXX_LANGUAGE_STANDARD = "gnu++14";
				CLANG_CXX_LIBRARY = "libc++";
				CLANG_ENABLE_MODULES = YES;
				CLANG_ENABLE_OBJC_ARC = YES;
				CLANG_ENABLE_OBJC_WEAK = YES;
				CLANG_WARN_BLOCK_CAPTURE_AUTORELEASING = YES;
				CLANG_WARN_BOOL_CONVERSION = YES;
				CLANG_WARN_COMMA = YES;
				CLANG_WARN_CONSTANT_CONVERSION = YES;
				CLANG_WARN_DEPRECATED_OBJC_IMPLEMENTATIONS = YES;
				CLANG_WARN_DIRECT_OBJC_ISA_USAGE = YES_ERROR;
				CLANG_WARN_DOCUMENTATION_COMMENTS = YES;
				CLANG_WARN_EMPTY_BODY = YES;
				CLANG_WARN_ENUM_CONVERSION = YES;
				CLANG_WARN_INFINITE_RECURSION = YES;
				CLANG_WARN_INT_CONVERSION = YES;
				CLANG_WARN_NON_LITERAL_NULL_CONVERSION = YES;
				CLANG_WARN_OBJC_IMPLICIT_RETAIN_SELF = YES;
				CLANG_WARN_OBJC_LITERAL_CONVERSION = YES;
				CLANG_WARN_OBJC_ROOT_CLASS = YES_ERROR;
				CLANG_WARN_QUOTED_INCLUDE_IN_FRAMEWORK_HEADER = YES;
				CLANG_WARN_RANGE_LOOP_ANALYSIS = YES;
				CLANG_WARN_STRICT_PROTOTYPES = YES;
				CLANG_WARN_SUSPICIOUS_MOVE = YES;
				CLANG_WARN_UNGUARDED_AVAILABILITY = YES_AGGRESSIVE;
				CLANG_WARN_UNREACHABLE_CODE = YES;
				CLANG_WARN__DUPLICATE_METHOD_MATCH = YES;
				COPY_PHASE_STRIP = NO;
				DEBUG_INFORMATION_FORMAT = dwarf;
				ENABLE_STRICT_OBJC_MSGSEND = YES;
				ENABLE_TESTABILITY = YES;
				GCC_C_LANGUAGE_STANDARD = gnu11;
				GCC_DYNAMIC_NO_PIC = NO;
				GCC_NO_COMMON_BLOCKS = YES;
				GCC_OPTIMIZATION_LEVEL = 0;
				GCC_PREPROCESSOR_DEFINITIONS = (
					"DEBUG=1",
					"$(inherited)",
				);
				GCC_WARN_64_TO_32_BIT_CONVERSION = YES;
				GCC_WARN_ABOUT_RETURN_TYPE = YES_ERROR;
				GCC_WARN_UNDECLARED_SELECTOR = YES;
				GCC_WARN_UNINITIALIZED_AUTOS = YES_AGGRESSIVE;
				GCC_WARN_UNUSED_FUNCTION = YES;
				GCC_WARN_UNUSED_VARIABLE = YES;
				IPHONEOS_DEPLOYMENT_TARGET = 14.4;
				MTL_ENABLE_DEBUG_INFO = INCLUDE_SOURCE;
				MTL_FAST_MATH = YES;
				ONLY_ACTIVE_ARCH = YES;
				SDKROOT = iphoneos;
				SWIFT_ACTIVE_COMPILATION_CONDITIONS = DEBUG;
				SWIFT_OPTIMIZATION_LEVEL = "-Onone";
			};
			name = Debug;
		};
		BC8C66602619BE5400EFFF03 /* Release */ = {
			isa = XCBuildConfiguration;
			buildSettings = {
				ALWAYS_SEARCH_USER_PATHS = NO;
				CLANG_ANALYZER_NONNULL = YES;
				CLANG_ANALYZER_NUMBER_OBJECT_CONVERSION = YES_AGGRESSIVE;
				CLANG_CXX_LANGUAGE_STANDARD = "gnu++14";
				CLANG_CXX_LIBRARY = "libc++";
				CLANG_ENABLE_MODULES = YES;
				CLANG_ENABLE_OBJC_ARC = YES;
				CLANG_ENABLE_OBJC_WEAK = YES;
				CLANG_WARN_BLOCK_CAPTURE_AUTORELEASING = YES;
				CLANG_WARN_BOOL_CONVERSION = YES;
				CLANG_WARN_COMMA = YES;
				CLANG_WARN_CONSTANT_CONVERSION = YES;
				CLANG_WARN_DEPRECATED_OBJC_IMPLEMENTATIONS = YES;
				CLANG_WARN_DIRECT_OBJC_ISA_USAGE = YES_ERROR;
				CLANG_WARN_DOCUMENTATION_COMMENTS = YES;
				CLANG_WARN_EMPTY_BODY = YES;
				CLANG_WARN_ENUM_CONVERSION = YES;
				CLANG_WARN_INFINITE_RECURSION = YES;
				CLANG_WARN_INT_CONVERSION = YES;
				CLANG_WARN_NON_LITERAL_NULL_CONVERSION = YES;
				CLANG_WARN_OBJC_IMPLICIT_RETAIN_SELF = YES;
				CLANG_WARN_OBJC_LITERAL_CONVERSION = YES;
				CLANG_WARN_OBJC_ROOT_CLASS = YES_ERROR;
				CLANG_WARN_QUOTED_INCLUDE_IN_FRAMEWORK_HEADER = YES;
				CLANG_WARN_RANGE_LOOP_ANALYSIS = YES;
				CLANG_WARN_STRICT_PROTOTYPES = YES;
				CLANG_WARN_SUSPICIOUS_MOVE = YES;
				CLANG_WARN_UNGUARDED_AVAILABILITY = YES_AGGRESSIVE;
				CLANG_WARN_UNREACHABLE_CODE = YES;
				CLANG_WARN__DUPLICATE_METHOD_MATCH = YES;
				COPY_PHASE_STRIP = NO;
				DEBUG_INFORMATION_FORMAT = "dwarf-with-dsym";
				ENABLE_NS_ASSERTIONS = NO;
				ENABLE_STRICT_OBJC_MSGSEND = YES;
				GCC_C_LANGUAGE_STANDARD = gnu11;
				GCC_NO_COMMON_BLOCKS = YES;
				GCC_WARN_64_TO_32_BIT_CONVERSION = YES;
				GCC_WARN_ABOUT_RETURN_TYPE = YES_ERROR;
				GCC_WARN_UNDECLARED_SELECTOR = YES;
				GCC_WARN_UNINITIALIZED_AUTOS = YES_AGGRESSIVE;
				GCC_WARN_UNUSED_FUNCTION = YES;
				GCC_WARN_UNUSED_VARIABLE = YES;
				IPHONEOS_DEPLOYMENT_TARGET = 14.4;
				MTL_ENABLE_DEBUG_INFO = NO;
				MTL_FAST_MATH = YES;
				SDKROOT = iphoneos;
				SWIFT_COMPILATION_MODE = wholemodule;
				SWIFT_OPTIMIZATION_LEVEL = "-O";
				VALIDATE_PRODUCT = YES;
			};
			name = Release;
		};
		BC8C66622619BE5400EFFF03 /* Debug */ = {
			isa = XCBuildConfiguration;
			buildSettings = {
				ASSETCATALOG_COMPILER_APPICON_NAME = AppIcon;
				ASSETCATALOG_COMPILER_GLOBAL_ACCENT_COLOR_NAME = AccentColor;
				CODE_SIGN_STYLE = Automatic;
				DEVELOPMENT_TEAM = 832H9LUWZZ;
				INFOPLIST_FILE = "Portfolio/Supportive files/Info.plist";
				LD_RUNPATH_SEARCH_PATHS = (
					"$(inherited)",
					"@executable_path/Frameworks",
				);
				PRODUCT_BUNDLE_IDENTIFIER = knyazev.Portfolio;
				PRODUCT_NAME = "$(TARGET_NAME)";
				SWIFT_VERSION = 5.0;
				TARGETED_DEVICE_FAMILY = "1,2";
			};
			name = Debug;
		};
		BC8C66632619BE5400EFFF03 /* Release */ = {
			isa = XCBuildConfiguration;
			buildSettings = {
				ASSETCATALOG_COMPILER_APPICON_NAME = AppIcon;
				ASSETCATALOG_COMPILER_GLOBAL_ACCENT_COLOR_NAME = AccentColor;
				CODE_SIGN_STYLE = Automatic;
				DEVELOPMENT_TEAM = 832H9LUWZZ;
				INFOPLIST_FILE = "Portfolio/Supportive files/Info.plist";
				LD_RUNPATH_SEARCH_PATHS = (
					"$(inherited)",
					"@executable_path/Frameworks",
				);
				PRODUCT_BUNDLE_IDENTIFIER = knyazev.Portfolio;
				PRODUCT_NAME = "$(TARGET_NAME)";
				SWIFT_VERSION = 5.0;
				TARGETED_DEVICE_FAMILY = "1,2";
			};
			name = Release;
		};
/* End XCBuildConfiguration section */

/* Begin XCConfigurationList section */
		BC8C66482619BE5100EFFF03 /* Build configuration list for PBXProject "Portfolio" */ = {
			isa = XCConfigurationList;
			buildConfigurations = (
				BC8C665F2619BE5400EFFF03 /* Debug */,
				BC8C66602619BE5400EFFF03 /* Release */,
			);
			defaultConfigurationIsVisible = 0;
			defaultConfigurationName = Release;
		};
		BC8C66612619BE5400EFFF03 /* Build configuration list for PBXNativeTarget "Portfolio" */ = {
			isa = XCConfigurationList;
			buildConfigurations = (
				BC8C66622619BE5400EFFF03 /* Debug */,
				BC8C66632619BE5400EFFF03 /* Release */,
			);
			defaultConfigurationIsVisible = 0;
			defaultConfigurationName = Release;
		};
/* End XCConfigurationList section */
	};
	rootObject = BC8C66452619BE5100EFFF03 /* Project object */;
}
